
Microsoft Visual Studio Solution File, Format Version 12.00
# Visual Studio Version 16
VisualStudioVersion = 16.0.28803.202
MinimumVisualStudioVersion = 10.0.40219.1
Project("{FAE04EC0-301F-11D3-BF4B-00C04F79EFBC}") = "WindowsInterop", "CoreWindowInterop\WindowsInterop.csproj", "{5A301E20-616A-43DF-9C81-132EE605470A}"
EndProject
Global
	GlobalSection(SolutionConfigurationPlatforms) = preSolution
		Debug|Any CPU = Debug|Any CPU
		Release|Any CPU = Release|Any CPU
	EndGlobalSection
	GlobalSection(ProjectConfigurationPlatforms) = postSolution
		{5A301E20-616A-43DF-9C81-132EE605470A}.Debug|Any CPU.ActiveCfg = Debug|Any CPU
		{5A301E20-616A-43DF-9C81-132EE605470A}.Debug|Any CPU.Build.0 = Debug|Any CPU
		{5A301E20-616A-43DF-9C81-132EE605470A}.Release|Any CPU.ActiveCfg = Release|Any CPU
		{5A301E20-616A-43DF-9C81-132EE605470A}.Release|Any CPU.Build.0 = Release|Any CPU
	EndGlobalSection
	GlobalSection(SolutionProperties) = preSolution
		HideSolutionNode = FALSE
	EndGlobalSection
	GlobalSection(ExtensibilityGlobals) = postSolution
		SolutionGuid = {796CB9ED-907B-4FF7-AE6C-47F884C7ABE4}
	EndGlobalSection
EndGlobal
